
Microsoft Visual Studio Solution File, Format Version 12.00
# Visual Studio 15
VisualStudioVersion = 15.0.28010.2003
MinimumVisualStudioVersion = 10.0.40219.1
Project("{FAE04EC0-301F-11D3-BF4B-00C04F79EFBC}") = "HalloWelt", "HalloWelt\HalloWelt.csproj", "{51A698BD-8008-49AB-B4A7-F51533B1B9E5}"
EndProject
Project("{FAE04EC0-301F-11D3-BF4B-00C04F79EFBC}") = "Kontrollstrukturen", "Kontrollstrukturen\Kontrollstrukturen.csproj", "{49743E6E-8061-4A14-8E82-21BD1C9D3286}"
EndProject
Project("{FAE04EC0-301F-11D3-BF4B-00C04F79EFBC}") = "Methoden", "Methoden\Methoden.csproj", "{0C2A0BCF-395B-4B34-96F1-D2BAE09839F4}"
EndProject
Project("{FAE04EC0-301F-11D3-BF4B-00C04F79EFBC}") = "OOP", "OOP\OOP.csproj", "{E423CD7B-DBEE-4EBA-A32A-BA528BDC9A19}"
EndProject
Project("{FAE04EC0-301F-11D3-BF4B-00C04F79EFBC}") = "Polymorphie", "Polymorphie\Polymorphie.csproj", "{B9535320-77DA-4E3B-97B8-23097DB375EF}"
EndProject
Project("{FAE04EC0-301F-11D3-BF4B-00C04F79EFBC}") = "Bankomat", "Bankomat\Bankomat.csproj", "{46C1AF61-FEF8-4BD7-A5D9-734D4479915C}"
EndProject
Project("{FAE04EC0-301F-11D3-BF4B-00C04F79EFBC}") = "DelegatenUndEvents", "DelegatenUndEvents\DelegatenUndEvents.csproj", "{3AC8D978-F980-493D-8109-AFB6CCA90699}"
EndProject
Project("{FAE04EC0-301F-11D3-BF4B-00C04F79EFBC}") = "Interfaces", "Interfaces\Interfaces.csproj", "{DC19CE99-AFEB-4529-B174-CBFE4AF4E98D}"
EndProject
Project("{FAE04EC0-301F-11D3-BF4B-00C04F79EFBC}") = "Rennspiel", "Rennspiel\Rennspiel.csproj", "{DCCFD2B5-C314-44FA-858C-CF9591C6E9FD}"
EndProject
Project("{FAE04EC0-301F-11D3-BF4B-00C04F79EFBC}") = "KomplexeDatentypen", "KomplexeDatentypen\KomplexeDatentypen.csproj", "{E94C84C6-DBB6-4793-91A7-3A3B5F86F549}"
EndProject
Project("{FAE04EC0-301F-11D3-BF4B-00C04F79EFBC}") = "HalloForms", "HalloForms\HalloForms.csproj", "{74D0861E-9E5E-4B6A-8AB9-A0C29C5F7378}"
EndProject
Project("{FAE04EC0-301F-11D3-BF4B-00C04F79EFBC}") = "HalloTaschenrechner", "HalloTaschenrechner\HalloTaschenrechner.csproj", "{0CEBE48E-9DBA-41A5-9FBE-355C068DD16A}"
EndProject
Global
	GlobalSection(SolutionConfigurationPlatforms) = preSolution
		Debug|Any CPU = Debug|Any CPU
		Release|Any CPU = Release|Any CPU
	EndGlobalSection
	GlobalSection(ProjectConfigurationPlatforms) = postSolution
		{51A698BD-8008-49AB-B4A7-F51533B1B9E5}.Debug|Any CPU.ActiveCfg = Debug|Any CPU
		{51A698BD-8008-49AB-B4A7-F51533B1B9E5}.Debug|Any CPU.Build.0 = Debug|Any CPU
		{51A698BD-8008-49AB-B4A7-F51533B1B9E5}.Release|Any CPU.ActiveCfg = Release|Any CPU
		{51A698BD-8008-49AB-B4A7-F51533B1B9E5}.Release|Any CPU.Build.0 = Release|Any CPU
		{49743E6E-8061-4A14-8E82-21BD1C9D3286}.Debug|Any CPU.ActiveCfg = Debug|Any CPU
		{49743E6E-8061-4A14-8E82-21BD1C9D3286}.Debug|Any CPU.Build.0 = Debug|Any CPU
		{49743E6E-8061-4A14-8E82-21BD1C9D3286}.Release|Any CPU.ActiveCfg = Release|Any CPU
		{49743E6E-8061-4A14-8E82-21BD1C9D3286}.Release|Any CPU.Build.0 = Release|Any CPU
		{0C2A0BCF-395B-4B34-96F1-D2BAE09839F4}.Debug|Any CPU.ActiveCfg = Debug|Any CPU
		{0C2A0BCF-395B-4B34-96F1-D2BAE09839F4}.Debug|Any CPU.Build.0 = Debug|Any CPU
		{0C2A0BCF-395B-4B34-96F1-D2BAE09839F4}.Release|Any CPU.ActiveCfg = Release|Any CPU
		{0C2A0BCF-395B-4B34-96F1-D2BAE09839F4}.Release|Any CPU.Build.0 = Release|Any CPU
		{E423CD7B-DBEE-4EBA-A32A-BA528BDC9A19}.Debug|Any CPU.ActiveCfg = Debug|Any CPU
		{E423CD7B-DBEE-4EBA-A32A-BA528BDC9A19}.Debug|Any CPU.Build.0 = Debug|Any CPU
		{E423CD7B-DBEE-4EBA-A32A-BA528BDC9A19}.Release|Any CPU.ActiveCfg = Release|Any CPU
		{E423CD7B-DBEE-4EBA-A32A-BA528BDC9A19}.Release|Any CPU.Build.0 = Release|Any CPU
		{B9535320-77DA-4E3B-97B8-23097DB375EF}.Debug|Any CPU.ActiveCfg = Debug|Any CPU
		{B9535320-77DA-4E3B-97B8-23097DB375EF}.Debug|Any CPU.Build.0 = Debug|Any CPU
		{B9535320-77DA-4E3B-97B8-23097DB375EF}.Release|Any CPU.ActiveCfg = Release|Any CPU
		{B9535320-77DA-4E3B-97B8-23097DB375EF}.Release|Any CPU.Build.0 = Release|Any CPU
		{46C1AF61-FEF8-4BD7-A5D9-734D4479915C}.Debug|Any CPU.ActiveCfg = Debug|Any CPU
		{46C1AF61-FEF8-4BD7-A5D9-734D4479915C}.Debug|Any CPU.Build.0 = Debug|Any CPU
		{46C1AF61-FEF8-4BD7-A5D9-734D4479915C}.Release|Any CPU.ActiveCfg = Release|Any CPU
		{46C1AF61-FEF8-4BD7-A5D9-734D4479915C}.Release|Any CPU.Build.0 = Release|Any CPU
		{3AC8D978-F980-493D-8109-AFB6CCA90699}.Debug|Any CPU.ActiveCfg = Debug|Any CPU
		{3AC8D978-F980-493D-8109-AFB6CCA90699}.Debug|Any CPU.Build.0 = Debug|Any CPU
		{3AC8D978-F980-493D-8109-AFB6CCA90699}.Release|Any CPU.ActiveCfg = Release|Any CPU
		{3AC8D978-F980-493D-8109-AFB6CCA90699}.Release|Any CPU.Build.0 = Release|Any CPU
		{DC19CE99-AFEB-4529-B174-CBFE4AF4E98D}.Debug|Any CPU.ActiveCfg = Debug|Any CPU
		{DC19CE99-AFEB-4529-B174-CBFE4AF4E98D}.Debug|Any CPU.Build.0 = Debug|Any CPU
		{DC19CE99-AFEB-4529-B174-CBFE4AF4E98D}.Release|Any CPU.ActiveCfg = Release|Any CPU
		{DC19CE99-AFEB-4529-B174-CBFE4AF4E98D}.Release|Any CPU.Build.0 = Release|Any CPU
		{DCCFD2B5-C314-44FA-858C-CF9591C6E9FD}.Debug|Any CPU.ActiveCfg = Debug|Any CPU
		{DCCFD2B5-C314-44FA-858C-CF9591C6E9FD}.Debug|Any CPU.Build.0 = Debug|Any CPU
		{DCCFD2B5-C314-44FA-858C-CF9591C6E9FD}.Release|Any CPU.ActiveCfg = Release|Any CPU
		{DCCFD2B5-C314-44FA-858C-CF9591C6E9FD}.Release|Any CPU.Build.0 = Release|Any CPU
		{E94C84C6-DBB6-4793-91A7-3A3B5F86F549}.Debug|Any CPU.ActiveCfg = Debug|Any CPU
		{E94C84C6-DBB6-4793-91A7-3A3B5F86F549}.Debug|Any CPU.Build.0 = Debug|Any CPU
		{E94C84C6-DBB6-4793-91A7-3A3B5F86F549}.Release|Any CPU.ActiveCfg = Release|Any CPU
		{E94C84C6-DBB6-4793-91A7-3A3B5F86F549}.Release|Any CPU.Build.0 = Release|Any CPU
		{74D0861E-9E5E-4B6A-8AB9-A0C29C5F7378}.Debug|Any CPU.ActiveCfg = Debug|Any CPU
		{74D0861E-9E5E-4B6A-8AB9-A0C29C5F7378}.Debug|Any CPU.Build.0 = Debug|Any CPU
		{74D0861E-9E5E-4B6A-8AB9-A0C29C5F7378}.Release|Any CPU.ActiveCfg = Release|Any CPU
		{74D0861E-9E5E-4B6A-8AB9-A0C29C5F7378}.Release|Any CPU.Build.0 = Release|Any CPU
		{0CEBE48E-9DBA-41A5-9FBE-355C068DD16A}.Debug|Any CPU.ActiveCfg = Debug|Any CPU
		{0CEBE48E-9DBA-41A5-9FBE-355C068DD16A}.Debug|Any CPU.Build.0 = Debug|Any CPU
		{0CEBE48E-9DBA-41A5-9FBE-355C068DD16A}.Release|Any CPU.ActiveCfg = Release|Any CPU
		{0CEBE48E-9DBA-41A5-9FBE-355C068DD16A}.Release|Any CPU.Build.0 = Release|Any CPU
	EndGlobalSection
	GlobalSection(SolutionProperties) = preSolution
		HideSolutionNode = FALSE
	EndGlobalSection
	GlobalSection(ExtensibilityGlobals) = postSolution
		SolutionGuid = {7DA1F8EA-155B-4F4B-B7D4-515F0EAECF16}
	EndGlobalSection
EndGlobal
